<?xml version="1.0" encoding="utf-8"?>
<Project ToolsVersion="4.0" xmlns="http://schemas.microsoft.com/developer/msbuild/2003">
  <ItemGroup>
    <Filter Include="리소스 파일">
      <UniqueIdentifier>{67DA6AB6-F800-4c08-8B7A-83BB121AAD01}</UniqueIdentifier>
      <Extensions>rc;ico;cur;bmp;dlg;rc2;rct;bin;rgs;gif;jpg;jpeg;jpe;resx;tiff;tif;png;wav;mfcribbon-ms</Extensions>
    </Filter>
    <Filter Include="Scenes">
      <UniqueIdentifier>{213c6b48-b779-44fe-b27d-c4fe74562e5a}</UniqueIdentifier>
    </Filter>
    <Filter Include="Contents">
      <UniqueIdentifier>{8cf12438-744f-4421-a59f-7e13923f2f22}</UniqueIdentifier>
    </Filter>
    <Filter Include="Scripts">
      <UniqueIdentifier>{f3f80259-2f60-4139-91b5-525572d7ec54}</UniqueIdentifier>
    </Filter>
  </ItemGroup>
  <ItemGroup>
    <ClInclude Include="JLoadScenes.h">
      <Filter>Scenes</Filter>
    </ClInclude>
    <ClInclude Include="JPlayScene.h">
      <Filter>Scenes</Filter>
    </ClInclude>
    <ClInclude Include="JTitleScene.h">
      <Filter>Scenes</Filter>
    </ClInclude>
    <ClInclude Include="JPlayer.h">
      <Filter>Contents</Filter>
    </ClInclude>
    <ClInclude Include="JLoadResources.h">
      <Filter>Scenes</Filter>
    </ClInclude>
    <ClInclude Include="JPlayerScript.h">
      <Filter>Scripts</Filter>
    </ClInclude>
    <ClInclude Include="JCat.h">
      <Filter>Contents</Filter>
    </ClInclude>
    <ClInclude Include="JCatScript.h">
      <Filter>Scripts</Filter>
    </ClInclude>
    <ClInclude Include="JTile.h" />
    <ClInclude Include="JToolScene.h">
      <Filter>Scenes</Filter>
    </ClInclude>
  </ItemGroup>
  <ItemGroup>
    <ClCompile Include="JPlayScene.cpp">
      <Filter>Scenes</Filter>
    </ClCompile>
    <ClCompile Include="JTitleScene.cpp">
      <Filter>Scenes</Filter>
    </ClCompile>
    <ClCompile Include="JPlayer.cpp">
      <Filter>Contents</Filter>
    </ClCompile>
    <ClCompile Include="JPlayerScript.cpp">
      <Filter>Scripts</Filter>
    </ClCompile>
    <ClCompile Include="JCat.cpp">
      <Filter>Contents</Filter>
    </ClCompile>
    <ClCompile Include="JCatScript.cpp">
      <Filter>Scripts</Filter>
    </ClCompile>
    <ClCompile Include="JTile.cpp" />
    <ClCompile Include="JToolScene.cpp">
      <Filter>Scenes</Filter>
    </ClCompile>
  </ItemGroup>
</Project>